
Microsoft Visual Studio Solution File, Format Version 12.00
# Visual Studio Version 17
VisualStudioVersion = 17.4.33103.184
MinimumVisualStudioVersion = 10.0.40219.1
Project("{9A19103F-16F7-4668-BE54-9A1E7A4F7556}") = "Abstrakte Klassen", "Abstrakte Klassen\Abstrakte Klassen.csproj", "{01DD92E1-EA52-4BCC-A8CA-7F57F6D485CD}"
EndProject
Project("{9A19103F-16F7-4668-BE54-9A1E7A4F7556}") = "Aggregation", "Aggregation\Aggregation.csproj", "{AB534A06-7C6B-4618-91A6-4C3699257F5B}"
EndProject
Project("{9A19103F-16F7-4668-BE54-9A1E7A4F7556}") = "Arrays", "Arrays\Arrays.csproj", "{6E9A62DE-3726-41E9-9776-3598539816D4}"
EndProject
Project("{9A19103F-16F7-4668-BE54-9A1E7A4F7556}") = "Assoziation", "Assoziation\Assoziation.csproj", "{C7CAE029-F0C7-4896-ADE3-731AB71C59C9}"
EndProject
Project("{9A19103F-16F7-4668-BE54-9A1E7A4F7556}") = "Char_Datentyp", "Char_Datentyp\Char_Datentyp.csproj", "{10290316-B111-496F-8E2A-ED43D0AE3DCB}"
EndProject
Project("{9A19103F-16F7-4668-BE54-9A1E7A4F7556}") = "Console_Klasse", "Console_Klasse\Console_Klasse.csproj", "{9EFF4561-7477-423B-87BB-3DCEB57FB3D4}"
EndProject
Project("{9A19103F-16F7-4668-BE54-9A1E7A4F7556}") = "Date_Time", "Date_Time\Date_Time.csproj", "{1BE9AC8A-756C-4468-8FA6-71EDF3BD6E28}"
EndProject
Project("{9A19103F-16F7-4668-BE54-9A1E7A4F7556}") = "Dictionaries", "Dictionaries\Dictionaries.csproj", "{6207B2D0-C63F-4B99-B90B-8F26EDFCA0F3}"
EndProject
Project("{9A19103F-16F7-4668-BE54-9A1E7A4F7556}") = "Entkapselung", "Entkapselung\Entkapselung.csproj", "{40CA1345-8F57-4925-8764-5F5C4FC8E18F}"
EndProject
Project("{9A19103F-16F7-4668-BE54-9A1E7A4F7556}") = "Enum", "Enum\Enum.csproj", "{51E6C581-4446-4630-8BD3-B21415BDA6C2}"
EndProject
Project("{9A19103F-16F7-4668-BE54-9A1E7A4F7556}") = "Finalizer_Destructor", "Finalizer_Destructor\Finalizer_Destructor.csproj", "{8816C4A7-A52D-4C4A-843B-9440335443B9}"
EndProject
Project("{9A19103F-16F7-4668-BE54-9A1E7A4F7556}") = "Formatierung", "Formatierung\Formatierung.csproj", "{DDF05999-5B71-438F-B304-5B7EE4810422}"
EndProject
Project("{9A19103F-16F7-4668-BE54-9A1E7A4F7556}") = "Get-Set", "Get-Set\Get-Set.csproj", "{5FC0F891-09C9-40AE-BDD4-50BBF59C9CD5}"
EndProject
Project("{9A19103F-16F7-4668-BE54-9A1E7A4F7556}") = "If_Else_Kurzform", "If_Else_Kurzform\If_Else_Kurzform.csproj", "{68FDED53-8AB5-43B6-A297-20B86E9A67BA}"
EndProject
Project("{9A19103F-16F7-4668-BE54-9A1E7A4F7556}") = "Int_Klasse", "Int_Klasse\Int_Klasse.csproj", "{521E5BD9-583D-489B-B07B-F59700A76511}"
EndProject
Project("{9A19103F-16F7-4668-BE54-9A1E7A4F7556}") = "Interface", "Interface\Interface.csproj", "{39698644-F517-4387-9E78-72579F671137}"
EndProject
Project("{9A19103F-16F7-4668-BE54-9A1E7A4F7556}") = "Is-As-Operator", "Is-As-Operator\Is-As-Operator.csproj", "{09E59D1D-7BC7-4CA0-9F93-6144483628B5}"
EndProject
Project("{9A19103F-16F7-4668-BE54-9A1E7A4F7556}") = "Komposition", "Komposition\Komposition.csproj", "{11335524-A781-4492-84E3-CA022BD31D48}"
EndProject
Project("{9A19103F-16F7-4668-BE54-9A1E7A4F7556}") = "Lambda", "Lambda\Lambda.csproj", "{90D74776-6EC0-428F-835D-291EA9B50435}"
EndProject
Project("{9A19103F-16F7-4668-BE54-9A1E7A4F7556}") = "Linq Beispiel", "Linq Beispiel\Linq Beispiel.csproj", "{106517E4-D3A5-4D80-B7C9-13549AEF0BC8}"
EndProject
Project("{9A19103F-16F7-4668-BE54-9A1E7A4F7556}") = "Lists", "Lists\Lists.csproj", "{CEC2AE22-3D10-4FC7-869F-3CEE05036A64}"
EndProject
Project("{9A19103F-16F7-4668-BE54-9A1E7A4F7556}") = "Math-Klasse", "Math-Klasse\Math-Klasse.csproj", "{9060611B-DDBA-427D-A896-57D5B63FB21C}"
EndProject
Project("{9A19103F-16F7-4668-BE54-9A1E7A4F7556}") = "Polymorphie", "Polymorphie\Polymorphie.csproj", "{4898C501-A1B3-4CDC-965F-EC4B83FA8DE7}"
EndProject
Project("{9A19103F-16F7-4668-BE54-9A1E7A4F7556}") = "String_Klasse", "String_Klasse\String_Klasse.csproj", "{01028464-D560-41FA-8B76-36B408691BCF}"
EndProject
Project("{9A19103F-16F7-4668-BE54-9A1E7A4F7556}") = "Structs", "Structs\Structs.csproj", "{DDD6E204-F550-41DA-9BDB-8D5997112273}"
EndProject
Project("{9A19103F-16F7-4668-BE54-9A1E7A4F7556}") = "Text-Datei lesen und schreiben", "Text-Datei lesen und schreiben\Text-Datei lesen und schreiben.csproj", "{971AA2DE-682E-444E-AC27-67485ECDA764}"
EndProject
Project("{9A19103F-16F7-4668-BE54-9A1E7A4F7556}") = "Timer Beispiel", "Timer Beispiel\Timer Beispiel.csproj", "{A1230BF9-3BE6-4B0F-9731-1D747FCE76C3}"
EndProject
Project("{9A19103F-16F7-4668-BE54-9A1E7A4F7556}") = "Try Catch", "Try Catch\Try Catch.csproj", "{EBFE45B6-6290-463F-BFAE-5DD66F3D120F}"
EndProject
Project("{9A19103F-16F7-4668-BE54-9A1E7A4F7556}") = "Vererbung", "Vererbung\Vererbung.csproj", "{B75B22B1-9DB9-4800-B695-EB7A40B01456}"
EndProject
Global
	GlobalSection(SolutionConfigurationPlatforms) = preSolution
		Debug|Any CPU = Debug|Any CPU
		Release|Any CPU = Release|Any CPU
	EndGlobalSection
	GlobalSection(ProjectConfigurationPlatforms) = postSolution
		{01DD92E1-EA52-4BCC-A8CA-7F57F6D485CD}.Debug|Any CPU.ActiveCfg = Debug|Any CPU
		{01DD92E1-EA52-4BCC-A8CA-7F57F6D485CD}.Debug|Any CPU.Build.0 = Debug|Any CPU
		{01DD92E1-EA52-4BCC-A8CA-7F57F6D485CD}.Release|Any CPU.ActiveCfg = Release|Any CPU
		{01DD92E1-EA52-4BCC-A8CA-7F57F6D485CD}.Release|Any CPU.Build.0 = Release|Any CPU
		{AB534A06-7C6B-4618-91A6-4C3699257F5B}.Debug|Any CPU.ActiveCfg = Debug|Any CPU
		{AB534A06-7C6B-4618-91A6-4C3699257F5B}.Debug|Any CPU.Build.0 = Debug|Any CPU
		{AB534A06-7C6B-4618-91A6-4C3699257F5B}.Release|Any CPU.ActiveCfg = Release|Any CPU
		{AB534A06-7C6B-4618-91A6-4C3699257F5B}.Release|Any CPU.Build.0 = Release|Any CPU
		{6E9A62DE-3726-41E9-9776-3598539816D4}.Debug|Any CPU.ActiveCfg = Debug|Any CPU
		{6E9A62DE-3726-41E9-9776-3598539816D4}.Debug|Any CPU.Build.0 = Debug|Any CPU
		{6E9A62DE-3726-41E9-9776-3598539816D4}.Release|Any CPU.ActiveCfg = Release|Any CPU
		{6E9A62DE-3726-41E9-9776-3598539816D4}.Release|Any CPU.Build.0 = Release|Any CPU
		{C7CAE029-F0C7-4896-ADE3-731AB71C59C9}.Debug|Any CPU.ActiveCfg = Debug|Any CPU
		{C7CAE029-F0C7-4896-ADE3-731AB71C59C9}.Debug|Any CPU.Build.0 = Debug|Any CPU
		{C7CAE029-F0C7-4896-ADE3-731AB71C59C9}.Release|Any CPU.ActiveCfg = Release|Any CPU
		{C7CAE029-F0C7-4896-ADE3-731AB71C59C9}.Release|Any CPU.Build.0 = Release|Any CPU
		{10290316-B111-496F-8E2A-ED43D0AE3DCB}.Debug|Any CPU.ActiveCfg = Debug|Any CPU
		{10290316-B111-496F-8E2A-ED43D0AE3DCB}.Debug|Any CPU.Build.0 = Debug|Any CPU
		{10290316-B111-496F-8E2A-ED43D0AE3DCB}.Release|Any CPU.ActiveCfg = Release|Any CPU
		{10290316-B111-496F-8E2A-ED43D0AE3DCB}.Release|Any CPU.Build.0 = Release|Any CPU
		{9EFF4561-7477-423B-87BB-3DCEB57FB3D4}.Debug|Any CPU.ActiveCfg = Debug|Any CPU
		{9EFF4561-7477-423B-87BB-3DCEB57FB3D4}.Debug|Any CPU.Build.0 = Debug|Any CPU
		{9EFF4561-7477-423B-87BB-3DCEB57FB3D4}.Release|Any CPU.ActiveCfg = Release|Any CPU
		{9EFF4561-7477-423B-87BB-3DCEB57FB3D4}.Release|Any CPU.Build.0 = Release|Any CPU
		{1BE9AC8A-756C-4468-8FA6-71EDF3BD6E28}.Debug|Any CPU.ActiveCfg = Debug|Any CPU
		{1BE9AC8A-756C-4468-8FA6-71EDF3BD6E28}.Debug|Any CPU.Build.0 = Debug|Any CPU
		{1BE9AC8A-756C-4468-8FA6-71EDF3BD6E28}.Release|Any CPU.ActiveCfg = Release|Any CPU
		{1BE9AC8A-756C-4468-8FA6-71EDF3BD6E28}.Release|Any CPU.Build.0 = Release|Any CPU
		{6207B2D0-C63F-4B99-B90B-8F26EDFCA0F3}.Debug|Any CPU.ActiveCfg = Debug|Any CPU
		{6207B2D0-C63F-4B99-B90B-8F26EDFCA0F3}.Debug|Any CPU.Build.0 = Debug|Any CPU
		{6207B2D0-C63F-4B99-B90B-8F26EDFCA0F3}.Release|Any CPU.ActiveCfg = Release|Any CPU
		{6207B2D0-C63F-4B99-B90B-8F26EDFCA0F3}.Release|Any CPU.Build.0 = Release|Any CPU
		{40CA1345-8F57-4925-8764-5F5C4FC8E18F}.Debug|Any CPU.ActiveCfg = Debug|Any CPU
		{40CA1345-8F57-4925-8764-5F5C4FC8E18F}.Debug|Any CPU.Build.0 = Debug|Any CPU
		{40CA1345-8F57-4925-8764-5F5C4FC8E18F}.Release|Any CPU.ActiveCfg = Release|Any CPU
		{40CA1345-8F57-4925-8764-5F5C4FC8E18F}.Release|Any CPU.Build.0 = Release|Any CPU
		{51E6C581-4446-4630-8BD3-B21415BDA6C2}.Debug|Any CPU.ActiveCfg = Debug|Any CPU
		{51E6C581-4446-4630-8BD3-B21415BDA6C2}.Debug|Any CPU.Build.0 = Debug|Any CPU
		{51E6C581-4446-4630-8BD3-B21415BDA6C2}.Release|Any CPU.ActiveCfg = Release|Any CPU
		{51E6C581-4446-4630-8BD3-B21415BDA6C2}.Release|Any CPU.Build.0 = Release|Any CPU
		{8816C4A7-A52D-4C4A-843B-9440335443B9}.Debug|Any CPU.ActiveCfg = Debug|Any CPU
		{8816C4A7-A52D-4C4A-843B-9440335443B9}.Debug|Any CPU.Build.0 = Debug|Any CPU
		{8816C4A7-A52D-4C4A-843B-9440335443B9}.Release|Any CPU.ActiveCfg = Release|Any CPU
		{8816C4A7-A52D-4C4A-843B-9440335443B9}.Release|Any CPU.Build.0 = Release|Any CPU
		{DDF05999-5B71-438F-B304-5B7EE4810422}.Debug|Any CPU.ActiveCfg = Debug|Any CPU
		{DDF05999-5B71-438F-B304-5B7EE4810422}.Debug|Any CPU.Build.0 = Debug|Any CPU
		{DDF05999-5B71-438F-B304-5B7EE4810422}.Release|Any CPU.ActiveCfg = Release|Any CPU
		{DDF05999-5B71-438F-B304-5B7EE4810422}.Release|Any CPU.Build.0 = Release|Any CPU
		{5FC0F891-09C9-40AE-BDD4-50BBF59C9CD5}.Debug|Any CPU.ActiveCfg = Debug|Any CPU
		{5FC0F891-09C9-40AE-BDD4-50BBF59C9CD5}.Debug|Any CPU.Build.0 = Debug|Any CPU
		{5FC0F891-09C9-40AE-BDD4-50BBF59C9CD5}.Release|Any CPU.ActiveCfg = Release|Any CPU
		{5FC0F891-09C9-40AE-BDD4-50BBF59C9CD5}.Release|Any CPU.Build.0 = Release|Any CPU
		{68FDED53-8AB5-43B6-A297-20B86E9A67BA}.Debug|Any CPU.ActiveCfg = Debug|Any CPU
		{68FDED53-8AB5-43B6-A297-20B86E9A67BA}.Debug|Any CPU.Build.0 = Debug|Any CPU
		{68FDED53-8AB5-43B6-A297-20B86E9A67BA}.Release|Any CPU.ActiveCfg = Release|Any CPU
		{68FDED53-8AB5-43B6-A297-20B86E9A67BA}.Release|Any CPU.Build.0 = Release|Any CPU
		{521E5BD9-583D-489B-B07B-F59700A76511}.Debug|Any CPU.ActiveCfg = Debug|Any CPU
		{521E5BD9-583D-489B-B07B-F59700A76511}.Debug|Any CPU.Build.0 = Debug|Any CPU
		{521E5BD9-583D-489B-B07B-F59700A76511}.Release|Any CPU.ActiveCfg = Release|Any CPU
		{521E5BD9-583D-489B-B07B-F59700A76511}.Release|Any CPU.Build.0 = Release|Any CPU
		{39698644-F517-4387-9E78-72579F671137}.Debug|Any CPU.ActiveCfg = Debug|Any CPU
		{39698644-F517-4387-9E78-72579F671137}.Debug|Any CPU.Build.0 = Debug|Any CPU
		{39698644-F517-4387-9E78-72579F671137}.Release|Any CPU.ActiveCfg = Release|Any CPU
		{39698644-F517-4387-9E78-72579F671137}.Release|Any CPU.Build.0 = Release|Any CPU
		{09E59D1D-7BC7-4CA0-9F93-6144483628B5}.Debug|Any CPU.ActiveCfg = Debug|Any CPU
		{09E59D1D-7BC7-4CA0-9F93-6144483628B5}.Debug|Any CPU.Build.0 = Debug|Any CPU
		{09E59D1D-7BC7-4CA0-9F93-6144483628B5}.Release|Any CPU.ActiveCfg = Release|Any CPU
		{09E59D1D-7BC7-4CA0-9F93-6144483628B5}.Release|Any CPU.Build.0 = Release|Any CPU
		{11335524-A781-4492-84E3-CA022BD31D48}.Debug|Any CPU.ActiveCfg = Debug|Any CPU
		{11335524-A781-4492-84E3-CA022BD31D48}.Debug|Any CPU.Build.0 = Debug|Any CPU
		{11335524-A781-4492-84E3-CA022BD31D48}.Release|Any CPU.ActiveCfg = Release|Any CPU
		{11335524-A781-4492-84E3-CA022BD31D48}.Release|Any CPU.Build.0 = Release|Any CPU
		{90D74776-6EC0-428F-835D-291EA9B50435}.Debug|Any CPU.ActiveCfg = Debug|Any CPU
		{90D74776-6EC0-428F-835D-291EA9B50435}.Debug|Any CPU.Build.0 = Debug|Any CPU
		{90D74776-6EC0-428F-835D-291EA9B50435}.Release|Any CPU.ActiveCfg = Release|Any CPU
		{90D74776-6EC0-428F-835D-291EA9B50435}.Release|Any CPU.Build.0 = Release|Any CPU
		{106517E4-D3A5-4D80-B7C9-13549AEF0BC8}.Debug|Any CPU.ActiveCfg = Debug|Any CPU
		{106517E4-D3A5-4D80-B7C9-13549AEF0BC8}.Debug|Any CPU.Build.0 = Debug|Any CPU
		{106517E4-D3A5-4D80-B7C9-13549AEF0BC8}.Release|Any CPU.ActiveCfg = Release|Any CPU
		{106517E4-D3A5-4D80-B7C9-13549AEF0BC8}.Release|Any CPU.Build.0 = Release|Any CPU
		{CEC2AE22-3D10-4FC7-869F-3CEE05036A64}.Debug|Any CPU.ActiveCfg = Debug|Any CPU
		{CEC2AE22-3D10-4FC7-869F-3CEE05036A64}.Debug|Any CPU.Build.0 = Debug|Any CPU
		{CEC2AE22-3D10-4FC7-869F-3CEE05036A64}.Release|Any CPU.ActiveCfg = Release|Any CPU
		{CEC2AE22-3D10-4FC7-869F-3CEE05036A64}.Release|Any CPU.Build.0 = Release|Any CPU
		{9060611B-DDBA-427D-A896-57D5B63FB21C}.Debug|Any CPU.ActiveCfg = Debug|Any CPU
		{9060611B-DDBA-427D-A896-57D5B63FB21C}.Debug|Any CPU.Build.0 = Debug|Any CPU
		{9060611B-DDBA-427D-A896-57D5B63FB21C}.Release|Any CPU.ActiveCfg = Release|Any CPU
		{9060611B-DDBA-427D-A896-57D5B63FB21C}.Release|Any CPU.Build.0 = Release|Any CPU
		{4898C501-A1B3-4CDC-965F-EC4B83FA8DE7}.Debug|Any CPU.ActiveCfg = Debug|Any CPU
		{4898C501-A1B3-4CDC-965F-EC4B83FA8DE7}.Debug|Any CPU.Build.0 = Debug|Any CPU
		{4898C501-A1B3-4CDC-965F-EC4B83FA8DE7}.Release|Any CPU.ActiveCfg = Release|Any CPU
		{4898C501-A1B3-4CDC-965F-EC4B83FA8DE7}.Release|Any CPU.Build.0 = Release|Any CPU
		{01028464-D560-41FA-8B76-36B408691BCF}.Debug|Any CPU.ActiveCfg = Debug|Any CPU
		{01028464-D560-41FA-8B76-36B408691BCF}.Debug|Any CPU.Build.0 = Debug|Any CPU
		{01028464-D560-41FA-8B76-36B408691BCF}.Release|Any CPU.ActiveCfg = Release|Any CPU
		{01028464-D560-41FA-8B76-36B408691BCF}.Release|Any CPU.Build.0 = Release|Any CPU
		{DDD6E204-F550-41DA-9BDB-8D5997112273}.Debug|Any CPU.ActiveCfg = Debug|Any CPU
		{DDD6E204-F550-41DA-9BDB-8D5997112273}.Debug|Any CPU.Build.0 = Debug|Any CPU
		{DDD6E204-F550-41DA-9BDB-8D5997112273}.Release|Any CPU.ActiveCfg = Release|Any CPU
		{DDD6E204-F550-41DA-9BDB-8D5997112273}.Release|Any CPU.Build.0 = Release|Any CPU
		{971AA2DE-682E-444E-AC27-67485ECDA764}.Debug|Any CPU.ActiveCfg = Debug|Any CPU
		{971AA2DE-682E-444E-AC27-67485ECDA764}.Debug|Any CPU.Build.0 = Debug|Any CPU
		{971AA2DE-682E-444E-AC27-67485ECDA764}.Release|Any CPU.ActiveCfg = Release|Any CPU
		{971AA2DE-682E-444E-AC27-67485ECDA764}.Release|Any CPU.Build.0 = Release|Any CPU
		{A1230BF9-3BE6-4B0F-9731-1D747FCE76C3}.Debug|Any CPU.ActiveCfg = Debug|Any CPU
		{A1230BF9-3BE6-4B0F-9731-1D747FCE76C3}.Debug|Any CPU.Build.0 = Debug|Any CPU
		{A1230BF9-3BE6-4B0F-9731-1D747FCE76C3}.Release|Any CPU.ActiveCfg = Release|Any CPU
		{A1230BF9-3BE6-4B0F-9731-1D747FCE76C3}.Release|Any CPU.Build.0 = Release|Any CPU
		{EBFE45B6-6290-463F-BFAE-5DD66F3D120F}.Debug|Any CPU.ActiveCfg = Debug|Any CPU
		{EBFE45B6-6290-463F-BFAE-5DD66F3D120F}.Debug|Any CPU.Build.0 = Debug|Any CPU
		{EBFE45B6-6290-463F-BFAE-5DD66F3D120F}.Release|Any CPU.ActiveCfg = Release|Any CPU
		{EBFE45B6-6290-463F-BFAE-5DD66F3D120F}.Release|Any CPU.Build.0 = Release|Any CPU
		{B75B22B1-9DB9-4800-B695-EB7A40B01456}.Debug|Any CPU.ActiveCfg = Debug|Any CPU
		{B75B22B1-9DB9-4800-B695-EB7A40B01456}.Debug|Any CPU.Build.0 = Debug|Any CPU
		{B75B22B1-9DB9-4800-B695-EB7A40B01456}.Release|Any CPU.ActiveCfg = Release|Any CPU
		{B75B22B1-9DB9-4800-B695-EB7A40B01456}.Release|Any CPU.Build.0 = Release|Any CPU
	EndGlobalSection
	GlobalSection(SolutionProperties) = preSolution
		HideSolutionNode = FALSE
	EndGlobalSection
	GlobalSection(ExtensibilityGlobals) = postSolution
		SolutionGuid = {8959FF84-EBF2-4054-A882-9BB65D6C73C0}
	EndGlobalSection
EndGlobal
