
Microsoft Visual Studio Solution File, Format Version 12.00
# Visual Studio Version 17
VisualStudioVersion = 17.4.33103.184
MinimumVisualStudioVersion = 10.0.40219.1
Project("{FAE04EC0-301F-11D3-BF4B-00C04F79EFBC}") = "Char_Datentyp", "Char_Datentyp\Char_Datentyp.csproj", "{51E215F9-6405-47ED-AF19-FDDC67330DD6}"
EndProject
Project("{FAE04EC0-301F-11D3-BF4B-00C04F79EFBC}") = "Abstrakte Klassen", "Abstrakte Klassen\Abstrakte Klassen.csproj", "{C7668581-08CD-4C12-A299-A5B0ECF016AC}"
EndProject
Project("{FAE04EC0-301F-11D3-BF4B-00C04F79EFBC}") = "Aggregation", "Aggregation\Aggregation.csproj", "{2DA6A7D4-F7E0-43A4-B89C-3659A2060AE7}"
EndProject
Project("{FAE04EC0-301F-11D3-BF4B-00C04F79EFBC}") = "Arrays", "Arrays\Arrays.csproj", "{9322315A-37FB-42F0-9329-EBA98C6D76C4}"
EndProject
Project("{FAE04EC0-301F-11D3-BF4B-00C04F79EFBC}") = "Assoziation", "Assoziation\Assoziation.csproj", "{27682566-5BF4-4154-8844-3F5783FDAA47}"
EndProject
Project("{FAE04EC0-301F-11D3-BF4B-00C04F79EFBC}") = "Console_Klasse", "Console_Klasse\Console_Klasse.csproj", "{46E8AA83-3B80-477A-8054-59B3EE6678B7}"
EndProject
Project("{FAE04EC0-301F-11D3-BF4B-00C04F79EFBC}") = "Date_Time", "Date_Time\Date_Time.csproj", "{8669B798-8338-45BB-B95E-92C378E6E624}"
EndProject
Project("{FAE04EC0-301F-11D3-BF4B-00C04F79EFBC}") = "Dictionaries", "Dictionaries\Dictionaries.csproj", "{3E1F3F8B-5D59-4963-941E-85E5F9290D97}"
EndProject
Project("{FAE04EC0-301F-11D3-BF4B-00C04F79EFBC}") = "Entkapselung", "Entkapselung\Entkapselung.csproj", "{7A4B9A7E-9153-4E79-BF26-C837E77A1600}"
EndProject
Project("{FAE04EC0-301F-11D3-BF4B-00C04F79EFBC}") = "Enum", "Enum\Enum.csproj", "{2E938985-D802-4F90-86C3-B1AAB300B86A}"
EndProject
Project("{FAE04EC0-301F-11D3-BF4B-00C04F79EFBC}") = "Finalizer_Destructor", "Finalizer_Destructor\Finalizer_Destructor.csproj", "{41E03A3C-1F32-4585-969A-8A3CF027271A}"
EndProject
Project("{FAE04EC0-301F-11D3-BF4B-00C04F79EFBC}") = "Formatierung", "Formatierung\Formatierung.csproj", "{C02AE32F-A800-4B5F-9390-8CCE7E5F6B22}"
EndProject
Project("{FAE04EC0-301F-11D3-BF4B-00C04F79EFBC}") = "Get-Set", "Get-Set\Get-Set.csproj", "{608B89F2-F477-41CB-A36C-8C59B930B6AE}"
EndProject
Project("{FAE04EC0-301F-11D3-BF4B-00C04F79EFBC}") = "If_Else_Kurzform", "If_Else_Kurzform\If_Else_Kurzform.csproj", "{EA544975-3DE2-47B5-A43C-2C8FF922044B}"
EndProject
Project("{FAE04EC0-301F-11D3-BF4B-00C04F79EFBC}") = "Int_Klasse", "Int_Klasse\Int_Klasse.csproj", "{08FEAA52-9F09-4A0B-B5A9-40B31932535C}"
EndProject
Project("{FAE04EC0-301F-11D3-BF4B-00C04F79EFBC}") = "Interface", "Interface\Interface.csproj", "{2546F8FC-B254-47B6-87E3-1AB483FB095F}"
EndProject
Project("{FAE04EC0-301F-11D3-BF4B-00C04F79EFBC}") = "Is-As-Operator", "Is-As-Operator\Is-As-Operator.csproj", "{B032D473-AC22-4F28-A27B-99D33FC2CA29}"
EndProject
Project("{FAE04EC0-301F-11D3-BF4B-00C04F79EFBC}") = "Komposition", "Komposition\Komposition.csproj", "{988D8362-37FB-4514-A3C4-B25473C916F2}"
EndProject
Project("{FAE04EC0-301F-11D3-BF4B-00C04F79EFBC}") = "Lambda", "Lambda\Lambda.csproj", "{8309C13D-F100-41F7-8F11-AE1A99BA7104}"
EndProject
Project("{FAE04EC0-301F-11D3-BF4B-00C04F79EFBC}") = "Linq Beispiel", "Linq Beispiel\Linq Beispiel.csproj", "{54DCD3EC-C2E4-44D2-B112-2CAB0D16D38A}"
EndProject
Project("{FAE04EC0-301F-11D3-BF4B-00C04F79EFBC}") = "Lists", "Lists\Lists.csproj", "{7D1CAE11-5DBC-4626-9DE4-CD0B480C09FB}"
EndProject
Project("{FAE04EC0-301F-11D3-BF4B-00C04F79EFBC}") = "Math-Klasse", "Math-Klasse\Math-Klasse.csproj", "{02C50A5E-68C0-4841-82C4-AEBFF52B6744}"
EndProject
Project("{FAE04EC0-301F-11D3-BF4B-00C04F79EFBC}") = "Polymorphie", "Polymorphie\Polymorphie.csproj", "{BB672746-6286-45B9-9277-FFF200AF2EE7}"
EndProject
Project("{FAE04EC0-301F-11D3-BF4B-00C04F79EFBC}") = "String_Klasse", "String_Klasse\String_Klasse.csproj", "{FA9D489F-F156-4726-8351-4BD08EDB6A94}"
EndProject
Project("{FAE04EC0-301F-11D3-BF4B-00C04F79EFBC}") = "Structs", "Structs\Structs.csproj", "{A9E6F1AE-1893-40A4-BB81-BA9CE6505504}"
EndProject
Project("{FAE04EC0-301F-11D3-BF4B-00C04F79EFBC}") = "Text-Datei lesen und schreiben", "Text-Datei lesen und schreiben\Text-Datei lesen und schreiben.csproj", "{BC4C92D5-A970-4902-A94B-584D604D1C58}"
EndProject
Project("{FAE04EC0-301F-11D3-BF4B-00C04F79EFBC}") = "Timer Beispiel", "Timer Beispiel\Timer Beispiel.csproj", "{F3D633B4-FA88-4BC0-AD37-B5D6C30C8BDF}"
EndProject
Project("{FAE04EC0-301F-11D3-BF4B-00C04F79EFBC}") = "Try Catch", "Try Catch\Try Catch.csproj", "{13F20A50-1CDC-4FCD-B084-FA32B3FE8FD2}"
EndProject
Project("{FAE04EC0-301F-11D3-BF4B-00C04F79EFBC}") = "Vererbung", "Vererbung\Vererbung.csproj", "{68A01562-3CAD-4C37-8921-675CFBEE6C4B}"
EndProject
Global
	GlobalSection(SolutionConfigurationPlatforms) = preSolution
		Debug|Any CPU = Debug|Any CPU
		Release|Any CPU = Release|Any CPU
	EndGlobalSection
	GlobalSection(ProjectConfigurationPlatforms) = postSolution
		{51E215F9-6405-47ED-AF19-FDDC67330DD6}.Debug|Any CPU.ActiveCfg = Debug|Any CPU
		{51E215F9-6405-47ED-AF19-FDDC67330DD6}.Debug|Any CPU.Build.0 = Debug|Any CPU
		{51E215F9-6405-47ED-AF19-FDDC67330DD6}.Release|Any CPU.ActiveCfg = Release|Any CPU
		{51E215F9-6405-47ED-AF19-FDDC67330DD6}.Release|Any CPU.Build.0 = Release|Any CPU
		{C7668581-08CD-4C12-A299-A5B0ECF016AC}.Debug|Any CPU.ActiveCfg = Debug|Any CPU
		{C7668581-08CD-4C12-A299-A5B0ECF016AC}.Debug|Any CPU.Build.0 = Debug|Any CPU
		{C7668581-08CD-4C12-A299-A5B0ECF016AC}.Release|Any CPU.ActiveCfg = Release|Any CPU
		{C7668581-08CD-4C12-A299-A5B0ECF016AC}.Release|Any CPU.Build.0 = Release|Any CPU
		{2DA6A7D4-F7E0-43A4-B89C-3659A2060AE7}.Debug|Any CPU.ActiveCfg = Debug|Any CPU
		{2DA6A7D4-F7E0-43A4-B89C-3659A2060AE7}.Debug|Any CPU.Build.0 = Debug|Any CPU
		{2DA6A7D4-F7E0-43A4-B89C-3659A2060AE7}.Release|Any CPU.ActiveCfg = Release|Any CPU
		{2DA6A7D4-F7E0-43A4-B89C-3659A2060AE7}.Release|Any CPU.Build.0 = Release|Any CPU
		{9322315A-37FB-42F0-9329-EBA98C6D76C4}.Debug|Any CPU.ActiveCfg = Debug|Any CPU
		{9322315A-37FB-42F0-9329-EBA98C6D76C4}.Debug|Any CPU.Build.0 = Debug|Any CPU
		{9322315A-37FB-42F0-9329-EBA98C6D76C4}.Release|Any CPU.ActiveCfg = Release|Any CPU
		{9322315A-37FB-42F0-9329-EBA98C6D76C4}.Release|Any CPU.Build.0 = Release|Any CPU
		{27682566-5BF4-4154-8844-3F5783FDAA47}.Debug|Any CPU.ActiveCfg = Debug|Any CPU
		{27682566-5BF4-4154-8844-3F5783FDAA47}.Debug|Any CPU.Build.0 = Debug|Any CPU
		{27682566-5BF4-4154-8844-3F5783FDAA47}.Release|Any CPU.ActiveCfg = Release|Any CPU
		{27682566-5BF4-4154-8844-3F5783FDAA47}.Release|Any CPU.Build.0 = Release|Any CPU
		{46E8AA83-3B80-477A-8054-59B3EE6678B7}.Debug|Any CPU.ActiveCfg = Debug|Any CPU
		{46E8AA83-3B80-477A-8054-59B3EE6678B7}.Debug|Any CPU.Build.0 = Debug|Any CPU
		{46E8AA83-3B80-477A-8054-59B3EE6678B7}.Release|Any CPU.ActiveCfg = Release|Any CPU
		{46E8AA83-3B80-477A-8054-59B3EE6678B7}.Release|Any CPU.Build.0 = Release|Any CPU
		{8669B798-8338-45BB-B95E-92C378E6E624}.Debug|Any CPU.ActiveCfg = Debug|Any CPU
		{8669B798-8338-45BB-B95E-92C378E6E624}.Debug|Any CPU.Build.0 = Debug|Any CPU
		{8669B798-8338-45BB-B95E-92C378E6E624}.Release|Any CPU.ActiveCfg = Release|Any CPU
		{8669B798-8338-45BB-B95E-92C378E6E624}.Release|Any CPU.Build.0 = Release|Any CPU
		{3E1F3F8B-5D59-4963-941E-85E5F9290D97}.Debug|Any CPU.ActiveCfg = Debug|Any CPU
		{3E1F3F8B-5D59-4963-941E-85E5F9290D97}.Debug|Any CPU.Build.0 = Debug|Any CPU
		{3E1F3F8B-5D59-4963-941E-85E5F9290D97}.Release|Any CPU.ActiveCfg = Release|Any CPU
		{3E1F3F8B-5D59-4963-941E-85E5F9290D97}.Release|Any CPU.Build.0 = Release|Any CPU
		{7A4B9A7E-9153-4E79-BF26-C837E77A1600}.Debug|Any CPU.ActiveCfg = Debug|Any CPU
		{7A4B9A7E-9153-4E79-BF26-C837E77A1600}.Debug|Any CPU.Build.0 = Debug|Any CPU
		{7A4B9A7E-9153-4E79-BF26-C837E77A1600}.Release|Any CPU.ActiveCfg = Release|Any CPU
		{7A4B9A7E-9153-4E79-BF26-C837E77A1600}.Release|Any CPU.Build.0 = Release|Any CPU
		{2E938985-D802-4F90-86C3-B1AAB300B86A}.Debug|Any CPU.ActiveCfg = Debug|Any CPU
		{2E938985-D802-4F90-86C3-B1AAB300B86A}.Debug|Any CPU.Build.0 = Debug|Any CPU
		{2E938985-D802-4F90-86C3-B1AAB300B86A}.Release|Any CPU.ActiveCfg = Release|Any CPU
		{2E938985-D802-4F90-86C3-B1AAB300B86A}.Release|Any CPU.Build.0 = Release|Any CPU
		{41E03A3C-1F32-4585-969A-8A3CF027271A}.Debug|Any CPU.ActiveCfg = Debug|Any CPU
		{41E03A3C-1F32-4585-969A-8A3CF027271A}.Debug|Any CPU.Build.0 = Debug|Any CPU
		{41E03A3C-1F32-4585-969A-8A3CF027271A}.Release|Any CPU.ActiveCfg = Release|Any CPU
		{41E03A3C-1F32-4585-969A-8A3CF027271A}.Release|Any CPU.Build.0 = Release|Any CPU
		{C02AE32F-A800-4B5F-9390-8CCE7E5F6B22}.Debug|Any CPU.ActiveCfg = Debug|Any CPU
		{C02AE32F-A800-4B5F-9390-8CCE7E5F6B22}.Debug|Any CPU.Build.0 = Debug|Any CPU
		{C02AE32F-A800-4B5F-9390-8CCE7E5F6B22}.Release|Any CPU.ActiveCfg = Release|Any CPU
		{C02AE32F-A800-4B5F-9390-8CCE7E5F6B22}.Release|Any CPU.Build.0 = Release|Any CPU
		{608B89F2-F477-41CB-A36C-8C59B930B6AE}.Debug|Any CPU.ActiveCfg = Debug|Any CPU
		{608B89F2-F477-41CB-A36C-8C59B930B6AE}.Debug|Any CPU.Build.0 = Debug|Any CPU
		{608B89F2-F477-41CB-A36C-8C59B930B6AE}.Release|Any CPU.ActiveCfg = Release|Any CPU
		{608B89F2-F477-41CB-A36C-8C59B930B6AE}.Release|Any CPU.Build.0 = Release|Any CPU
		{EA544975-3DE2-47B5-A43C-2C8FF922044B}.Debug|Any CPU.ActiveCfg = Debug|Any CPU
		{EA544975-3DE2-47B5-A43C-2C8FF922044B}.Debug|Any CPU.Build.0 = Debug|Any CPU
		{EA544975-3DE2-47B5-A43C-2C8FF922044B}.Release|Any CPU.ActiveCfg = Release|Any CPU
		{EA544975-3DE2-47B5-A43C-2C8FF922044B}.Release|Any CPU.Build.0 = Release|Any CPU
		{08FEAA52-9F09-4A0B-B5A9-40B31932535C}.Debug|Any CPU.ActiveCfg = Debug|Any CPU
		{08FEAA52-9F09-4A0B-B5A9-40B31932535C}.Debug|Any CPU.Build.0 = Debug|Any CPU
		{08FEAA52-9F09-4A0B-B5A9-40B31932535C}.Release|Any CPU.ActiveCfg = Release|Any CPU
		{08FEAA52-9F09-4A0B-B5A9-40B31932535C}.Release|Any CPU.Build.0 = Release|Any CPU
		{2546F8FC-B254-47B6-87E3-1AB483FB095F}.Debug|Any CPU.ActiveCfg = Debug|Any CPU
		{2546F8FC-B254-47B6-87E3-1AB483FB095F}.Debug|Any CPU.Build.0 = Debug|Any CPU
		{2546F8FC-B254-47B6-87E3-1AB483FB095F}.Release|Any CPU.ActiveCfg = Release|Any CPU
		{2546F8FC-B254-47B6-87E3-1AB483FB095F}.Release|Any CPU.Build.0 = Release|Any CPU
		{B032D473-AC22-4F28-A27B-99D33FC2CA29}.Debug|Any CPU.ActiveCfg = Debug|Any CPU
		{B032D473-AC22-4F28-A27B-99D33FC2CA29}.Debug|Any CPU.Build.0 = Debug|Any CPU
		{B032D473-AC22-4F28-A27B-99D33FC2CA29}.Release|Any CPU.ActiveCfg = Release|Any CPU
		{B032D473-AC22-4F28-A27B-99D33FC2CA29}.Release|Any CPU.Build.0 = Release|Any CPU
		{988D8362-37FB-4514-A3C4-B25473C916F2}.Debug|Any CPU.ActiveCfg = Debug|Any CPU
		{988D8362-37FB-4514-A3C4-B25473C916F2}.Debug|Any CPU.Build.0 = Debug|Any CPU
		{988D8362-37FB-4514-A3C4-B25473C916F2}.Release|Any CPU.ActiveCfg = Release|Any CPU
		{988D8362-37FB-4514-A3C4-B25473C916F2}.Release|Any CPU.Build.0 = Release|Any CPU
		{8309C13D-F100-41F7-8F11-AE1A99BA7104}.Debug|Any CPU.ActiveCfg = Debug|Any CPU
		{8309C13D-F100-41F7-8F11-AE1A99BA7104}.Debug|Any CPU.Build.0 = Debug|Any CPU
		{8309C13D-F100-41F7-8F11-AE1A99BA7104}.Release|Any CPU.ActiveCfg = Release|Any CPU
		{8309C13D-F100-41F7-8F11-AE1A99BA7104}.Release|Any CPU.Build.0 = Release|Any CPU
		{54DCD3EC-C2E4-44D2-B112-2CAB0D16D38A}.Debug|Any CPU.ActiveCfg = Debug|Any CPU
		{54DCD3EC-C2E4-44D2-B112-2CAB0D16D38A}.Debug|Any CPU.Build.0 = Debug|Any CPU
		{54DCD3EC-C2E4-44D2-B112-2CAB0D16D38A}.Release|Any CPU.ActiveCfg = Release|Any CPU
		{54DCD3EC-C2E4-44D2-B112-2CAB0D16D38A}.Release|Any CPU.Build.0 = Release|Any CPU
		{7D1CAE11-5DBC-4626-9DE4-CD0B480C09FB}.Debug|Any CPU.ActiveCfg = Debug|Any CPU
		{7D1CAE11-5DBC-4626-9DE4-CD0B480C09FB}.Debug|Any CPU.Build.0 = Debug|Any CPU
		{7D1CAE11-5DBC-4626-9DE4-CD0B480C09FB}.Release|Any CPU.ActiveCfg = Release|Any CPU
		{7D1CAE11-5DBC-4626-9DE4-CD0B480C09FB}.Release|Any CPU.Build.0 = Release|Any CPU
		{02C50A5E-68C0-4841-82C4-AEBFF52B6744}.Debug|Any CPU.ActiveCfg = Debug|Any CPU
		{02C50A5E-68C0-4841-82C4-AEBFF52B6744}.Debug|Any CPU.Build.0 = Debug|Any CPU
		{02C50A5E-68C0-4841-82C4-AEBFF52B6744}.Release|Any CPU.ActiveCfg = Release|Any CPU
		{02C50A5E-68C0-4841-82C4-AEBFF52B6744}.Release|Any CPU.Build.0 = Release|Any CPU
		{BB672746-6286-45B9-9277-FFF200AF2EE7}.Debug|Any CPU.ActiveCfg = Debug|Any CPU
		{BB672746-6286-45B9-9277-FFF200AF2EE7}.Debug|Any CPU.Build.0 = Debug|Any CPU
		{BB672746-6286-45B9-9277-FFF200AF2EE7}.Release|Any CPU.ActiveCfg = Release|Any CPU
		{BB672746-6286-45B9-9277-FFF200AF2EE7}.Release|Any CPU.Build.0 = Release|Any CPU
		{FA9D489F-F156-4726-8351-4BD08EDB6A94}.Debug|Any CPU.ActiveCfg = Debug|Any CPU
		{FA9D489F-F156-4726-8351-4BD08EDB6A94}.Debug|Any CPU.Build.0 = Debug|Any CPU
		{FA9D489F-F156-4726-8351-4BD08EDB6A94}.Release|Any CPU.ActiveCfg = Release|Any CPU
		{FA9D489F-F156-4726-8351-4BD08EDB6A94}.Release|Any CPU.Build.0 = Release|Any CPU
		{A9E6F1AE-1893-40A4-BB81-BA9CE6505504}.Debug|Any CPU.ActiveCfg = Debug|Any CPU
		{A9E6F1AE-1893-40A4-BB81-BA9CE6505504}.Debug|Any CPU.Build.0 = Debug|Any CPU
		{A9E6F1AE-1893-40A4-BB81-BA9CE6505504}.Release|Any CPU.ActiveCfg = Release|Any CPU
		{A9E6F1AE-1893-40A4-BB81-BA9CE6505504}.Release|Any CPU.Build.0 = Release|Any CPU
		{BC4C92D5-A970-4902-A94B-584D604D1C58}.Debug|Any CPU.ActiveCfg = Debug|Any CPU
		{BC4C92D5-A970-4902-A94B-584D604D1C58}.Debug|Any CPU.Build.0 = Debug|Any CPU
		{BC4C92D5-A970-4902-A94B-584D604D1C58}.Release|Any CPU.ActiveCfg = Release|Any CPU
		{BC4C92D5-A970-4902-A94B-584D604D1C58}.Release|Any CPU.Build.0 = Release|Any CPU
		{F3D633B4-FA88-4BC0-AD37-B5D6C30C8BDF}.Debug|Any CPU.ActiveCfg = Debug|Any CPU
		{F3D633B4-FA88-4BC0-AD37-B5D6C30C8BDF}.Debug|Any CPU.Build.0 = Debug|Any CPU
		{F3D633B4-FA88-4BC0-AD37-B5D6C30C8BDF}.Release|Any CPU.ActiveCfg = Release|Any CPU
		{F3D633B4-FA88-4BC0-AD37-B5D6C30C8BDF}.Release|Any CPU.Build.0 = Release|Any CPU
		{13F20A50-1CDC-4FCD-B084-FA32B3FE8FD2}.Debug|Any CPU.ActiveCfg = Debug|Any CPU
		{13F20A50-1CDC-4FCD-B084-FA32B3FE8FD2}.Debug|Any CPU.Build.0 = Debug|Any CPU
		{13F20A50-1CDC-4FCD-B084-FA32B3FE8FD2}.Release|Any CPU.ActiveCfg = Release|Any CPU
		{13F20A50-1CDC-4FCD-B084-FA32B3FE8FD2}.Release|Any CPU.Build.0 = Release|Any CPU
		{68A01562-3CAD-4C37-8921-675CFBEE6C4B}.Debug|Any CPU.ActiveCfg = Debug|Any CPU
		{68A01562-3CAD-4C37-8921-675CFBEE6C4B}.Debug|Any CPU.Build.0 = Debug|Any CPU
		{68A01562-3CAD-4C37-8921-675CFBEE6C4B}.Release|Any CPU.ActiveCfg = Release|Any CPU
		{68A01562-3CAD-4C37-8921-675CFBEE6C4B}.Release|Any CPU.Build.0 = Release|Any CPU
	EndGlobalSection
	GlobalSection(SolutionProperties) = preSolution
		HideSolutionNode = FALSE
	EndGlobalSection
	GlobalSection(ExtensibilityGlobals) = postSolution
		SolutionGuid = {8959FF84-EBF2-4054-A882-9BB65D6C73C0}
	EndGlobalSection
EndGlobal
